// !$*UTF8*$!
{
	archiveVersion = 1;
	classes = {
	};
	objectVersion = 77;
	objects = {

/* Begin PBXBuildFile section */
		9893ABEE2E49BF3B00952102 /* SnapKit in Frameworks */ = {isa = PBXBuildFile; productRef = 9893ABED2E49BF3B00952102 /* SnapKit */; };
/* End PBXBuildFile section */

/* Begin PBXContainerItemProxy section */
		9893AB722E49B76E00952102 /* PBXContainerItemProxy */ = {
			isa = PBXContainerItemProxy;
			containerPortal = 9893AB532E49B76D00952102 /* Project object */;
			proxyType = 1;
			remoteGlobalIDString = 9893AB5A2E49B76D00952102;
			remoteInfo = "Record Workout";
		};
		9893AB7C2E49B76E00952102 /* PBXContainerItemProxy */ = {
			isa = PBXContainerItemProxy;
			containerPortal = 9893AB532E49B76D00952102 /* Project object */;
			proxyType = 1;
			remoteGlobalIDString = 9893AB5A2E49B76D00952102;
			remoteInfo = "Record Workout";
		};
/* End PBXContainerItemProxy section */

/* Begin PBXFileReference section */
		9893AB5B2E49B76D00952102 /* Record Workout.app */ = {isa = PBXFileReference; explicitFileType = wrapper.application; includeInIndex = 0; path = "Record Workout.app"; sourceTree = BUILT_PRODUCTS_DIR; };
		9893AB712E49B76E00952102 /* Record WorkoutTests.xctest */ = {isa = PBXFileReference; explicitFileType = wrapper.cfbundle; includeInIndex = 0; path = "Record WorkoutTests.xctest"; sourceTree = BUILT_PRODUCTS_DIR; };
		9893AB7B2E49B76E00952102 /* Record WorkoutUITests.xctest */ = {isa = PBXFileReference; explicitFileType = wrapper.cfbundle; includeInIndex = 0; path = "Record WorkoutUITests.xctest"; sourceTree = BUILT_PRODUCTS_DIR; };
/* End PBXFileReference section */

/* Begin PBXFileSystemSynchronizedBuildFileExceptionSet section */
		9893AB832E49B76E00952102 /* Exceptions for "Record Workout" folder in "Record Workout" target */ = {
			isa = PBXFileSystemSynchronizedBuildFileExceptionSet;
			membershipExceptions = (
				Info.plist,
			);
			target = 9893AB5A2E49B76D00952102 /* Record Workout */;
		};
/* End PBXFileSystemSynchronizedBuildFileExceptionSet section */

/* Begin PBXFileSystemSynchronizedRootGroup section */
		9893AB5D2E49B76D00952102 /* Record Workout */ = {
			isa = PBXFileSystemSynchronizedRootGroup;
			exceptions = (
				9893AB832E49B76E00952102 /* Exceptions for "Record Workout" folder in "Record Workout" target */,
			);
			path = "Record Workout";
			sourceTree = "<group>";
		};
		9893AB742E49B76E00952102 /* Record WorkoutTests */ = {
			isa = PBXFileSystemSynchronizedRootGroup;
			path = "Record WorkoutTests";
			sourceTree = "<group>";
		};
		9893AB7E2E49B76E00952102 /* Record WorkoutUITests */ = {
			isa = PBXFileSystemSynchronizedRootGroup;
			path = "Record WorkoutUITests";
			sourceTree = "<group>";
		};
/* End PBXFileSystemSynchronizedRootGroup section */

/* Begin PBXFrameworksBuildPhase section */
		9893AB582E49B76D00952102 /* Frameworks */ = {
			isa = PBXFrameworksBuildPhase;
			buildActionMask = 2147483647;
			files = (
				9893ABEE2E49BF3B00952102 /* SnapKit in Frameworks */,
			);
			runOnlyForDeploymentPostprocessing = 0;
		};
		9893AB6E2E49B76E00952102 /* Frameworks */ = {
			isa = PBXFrameworksBuildPhase;
			buildActionMask = 2147483647;
			files = (
			);
			runOnlyForDeploymentPostprocessing = 0;
		};
		9893AB782E49B76E00952102 /* Frameworks */ = {
			isa = PBXFrameworksBuildPhase;
			buildActionMask = 2147483647;
			files = (
			);
			runOnlyForDeploymentPostprocessing = 0;
		};
/* End PBXFrameworksBuildPhase section */

/* Begin PBXGroup section */
		9893AB522E49B76D00952102 = {
			isa = PBXGroup;
			children = (
				9893AB5D2E49B76D00952102 /* Record Workout */,
				9893AB742E49B76E00952102 /* Record WorkoutTests */,
				9893AB7E2E49B76E00952102 /* Record WorkoutUITests */,
				9893AB5C2E49B76D00952102 /* Products */,
			);
			sourceTree = "<group>";
		};
		9893AB5C2E49B76D00952102 /* Products */ = {
			isa = PBXGroup;
			children = (
				9893AB5B2E49B76D00952102 /* Record Workout.app */,
				9893AB712E49B76E00952102 /* Record WorkoutTests.xctest */,
				9893AB7B2E49B76E00952102 /* Record WorkoutUITests.xctest */,
			);
			name = Products;
			sourceTree = "<group>";
		};
/* End PBXGroup section */

/* Begin PBXNativeTarget section */
		9893AB5A2E49B76D00952102 /* Record Workout */ = {
			isa = PBXNativeTarget;
			buildConfigurationList = 9893AB842E49B76E00952102 /* Build configuration list for PBXNativeTarget "Record Workout" */;
			buildPhases = (
				9893AB572E49B76D00952102 /* Sources */,
				9893AB582E49B76D00952102 /* Frameworks */,
				9893AB592E49B76D00952102 /* Resources */,
			);
			buildRules = (
			);
			dependencies = (
			);
			fileSystemSynchronizedGroups = (
				9893AB5D2E49B76D00952102 /* Record Workout */,
			);
			name = "Record Workout";
			packageProductDependencies = (
				9893ABED2E49BF3B00952102 /* SnapKit */,
			);
			productName = "Record Workout";
			productReference = 9893AB5B2E49B76D00952102 /* Record Workout.app */;
			productType = "com.apple.product-type.application";
		};
		9893AB702E49B76E00952102 /* Record WorkoutTests */ = {
			isa = PBXNativeTarget;
			buildConfigurationList = 9893AB892E49B76E00952102 /* Build configuration list for PBXNativeTarget "Record WorkoutTests" */;
			buildPhases = (
				9893AB6D2E49B76E00952102 /* Sources */,
				9893AB6E2E49B76E00952102 /* Frameworks */,
				9893AB6F2E49B76E00952102 /* Resources */,
			);
			buildRules = (
			);
			dependencies = (
				9893AB732E49B76E00952102 /* PBXTargetDependency */,
			);
			fileSystemSynchronizedGroups = (
				9893AB742E49B76E00952102 /* Record WorkoutTests */,
			);
			name = "Record WorkoutTests";
			packageProductDependencies = (
			);
			productName = "Record WorkoutTests";
			productReference = 9893AB712E49B76E00952102 /* Record WorkoutTests.xctest */;
			productType = "com.apple.product-type.bundle.unit-test";
		};
		9893AB7A2E49B76E00952102 /* Record WorkoutUITests */ = {
			isa = PBXNativeTarget;
			buildConfigurationList = 9893AB8C2E49B76E00952102 /* Build configuration list for PBXNativeTarget "Record WorkoutUITests" */;
			buildPhases = (
				9893AB772E49B76E00952102 /* Sources */,
				9893AB782E49B76E00952102 /* Frameworks */,
				9893AB792E49B76E00952102 /* Resources */,
			);
			buildRules = (
			);
			dependencies = (
				9893AB7D2E49B76E00952102 /* PBXTargetDependency */,
			);
			fileSystemSynchronizedGroups = (
				9893AB7E2E49B76E00952102 /* Record WorkoutUITests */,
			);
			name = "Record WorkoutUITests";
			packageProductDependencies = (
			);
			productName = "Record WorkoutUITests";
			productReference = 9893AB7B2E49B76E00952102 /* Record WorkoutUITests.xctest */;
			productType = "com.apple.product-type.bundle.ui-testing";
		};
/* End PBXNativeTarget section */

/* Begin PBXProject section */
		9893AB532E49B76D00952102 /* Project object */ = {
			isa = PBXProject;
			attributes = {
				BuildIndependentTargetsInParallel = 1;
				LastSwiftUpdateCheck = 1640;
				LastUpgradeCheck = 1640;
				TargetAttributes = {
					9893AB5A2E49B76D00952102 = {
						CreatedOnToolsVersion = 16.4;
					};
					9893AB702E49B76E00952102 = {
						CreatedOnToolsVersion = 16.4;
						TestTargetID = 9893AB5A2E49B76D00952102;
					};
					9893AB7A2E49B76E00952102 = {
						CreatedOnToolsVersion = 16.4;
						TestTargetID = 9893AB5A2E49B76D00952102;
					};
				};
			};
			buildConfigurationList = 9893AB562E49B76D00952102 /* Build configuration list for PBXProject "Record Workout" */;
			developmentRegion = en;
			hasScannedForEncodings = 0;
			knownRegions = (
				en,
				Base,
			);
			mainGroup = 9893AB522E49B76D00952102;
			minimizedProjectReferenceProxies = 1;
			packageReferences = (
				9893ABEC2E49BF3200952102 /* XCRemoteSwiftPackageReference "SnapKit" */,
			);
			preferredProjectObjectVersion = 77;
			productRefGroup = 9893AB5C2E49B76D00952102 /* Products */;
			projectDirPath = "";
			projectRoot = "";
			targets = (
				9893AB5A2E49B76D00952102 /* Record Workout */,
				9893AB702E49B76E00952102 /* Record WorkoutTests */,
				9893AB7A2E49B76E00952102 /* Record WorkoutUITests */,
			);
		};
/* End PBXProject section */

/* Begin PBXResourcesBuildPhase section */
		9893AB592E49B76D00952102 /* Resources */ = {
			isa = PBXResourcesBuildPhase;
			buildActionMask = 2147483647;
			files = (
			);
			runOnlyForDeploymentPostprocessing = 0;
		};
		9893AB6F2E49B76E00952102 /* Resources */ = {
			isa = PBXResourcesBuildPhase;
			buildActionMask = 2147483647;
			files = (
			);
			runOnlyForDeploymentPostprocessing = 0;
		};
		9893AB792E49B76E00952102 /* Resources */ = {
			isa = PBXResourcesBuildPhase;
			buildActionMask = 2147483647;
			files = (
			);
			runOnlyForDeploymentPostprocessing = 0;
		};
/* End PBXResourcesBuildPhase section */

/* Begin PBXSourcesBuildPhase section */
		9893AB572E49B76D00952102 /* Sources */ = {
			isa = PBXSourcesBuildPhase;
			buildActionMask = 2147483647;
			files = (
			);
			runOnlyForDeploymentPostprocessing = 0;
		};
		9893AB6D2E49B76E00952102 /* Sources */ = {
			isa = PBXSourcesBuildPhase;
			buildActionMask = 2147483647;
			files = (
			);
			runOnlyForDeploymentPostprocessing = 0;
		};
		9893AB772E49B76E00952102 /* Sources */ = {
			isa = PBXSourcesBuildPhase;
			buildActionMask = 2147483647;
			files = (
			);
			runOnlyForDeploymentPostprocessing = 0;
		};
/* End PBXSourcesBuildPhase section */

/* Begin PBXTargetDependency section */
		9893AB732E49B76E00952102 /* PBXTargetDependency */ = {
			isa = PBXTargetDependency;
			target = 9893AB5A2E49B76D00952102 /* Record Workout */;
			targetProxy = 9893AB722E49B76E00952102 /* PBXContainerItemProxy */;
		};
		9893AB7D2E49B76E00952102 /* PBXTargetDependency */ = {
			isa = PBXTargetDependency;
			target = 9893AB5A2E49B76D00952102 /* Record Workout */;
			targetProxy = 9893AB7C2E49B76E00952102 /* PBXContainerItemProxy */;
		};
/* End PBXTargetDependency section */

/* Begin XCBuildConfiguration section */
		9893AB852E49B76E00952102 /* Debug */ = {
			isa = XCBuildConfiguration;
			buildSettings = {
				ASSETCATALOG_COMPILER_APPICON_NAME = AppIcon;
				ASSETCATALOG_COMPILER_GLOBAL_ACCENT_COLOR_NAME = AccentColor;
				CODE_SIGN_STYLE = Automatic;
				CURRENT_PROJECT_VERSION = 1;
				DEVELOPMENT_TEAM = 8U7MGMA22P;
				GENERATE_INFOPLIST_FILE = YES;
				INFOPLIST_FILE = "Record Workout/Info.plist";
				INFOPLIST_KEY_UIApplicationSupportsIndirectInputEvents = YES;
				INFOPLIST_KEY_UILaunchStoryboardName = LaunchScreen;
				INFOPLIST_KEY_UIMainStoryboardFile = "";
				INFOPLIST_KEY_UISupportedInterfaceOrientations_iPad = "UIInterfaceOrientationPortrait UIInterfaceOrientationPortraitUpsideDown UIInterfaceOrientationLandscapeLeft UIInterfaceOrientationLandscapeRight";
				INFOPLIST_KEY_UISupportedInterfaceOrientations_iPhone = "UIInterfaceOrientationPortrait UIInterfaceOrientationLandscapeLeft UIInterfaceOrientationLandscapeRight";
				LD_RUNPATH_SEARCH_PATHS = (
					"$(inherited)",
					"@executable_path/Frameworks",
				);
				MARKETING_VERSION = 1.0;
				PRODUCT_BUNDLE_IDENTIFIER = "Jumyeong.Record-Workout";
				PRODUCT_NAME = "$(TARGET_NAME)";
				SWIFT_EMIT_LOC_STRINGS = YES;
				SWIFT_VERSION = 5.0;
				TARGETED_DEVICE_FAMILY = "1,2";
			};
			name = Debug;
		};
		9893AB862E49B76E00952102 /* Release */ = {
			isa = XCBuildConfiguration;
			buildSettings = {
				ASSETCATALOG_COMPILER_APPICON_NAME = AppIcon;
				ASSETCATALOG_COMPILER_GLOBAL_ACCENT_COLOR_NAME = AccentColor;
				CODE_SIGN_STYLE = Automatic;
				CURRENT_PROJECT_VERSION = 1;
				DEVELOPMENT_TEAM = 8U7MGMA22P;
				GENERATE_INFOPLIST_FILE = YES;
				INFOPLIST_FILE = "Record Workout/Info.plist";
				INFOPLIST_KEY_UIApplicationSupportsIndirectInputEvents = YES;
				INFOPLIST_KEY_UILaunchStoryboardName = LaunchScreen;
				INFOPLIST_KEY_UIMainStoryboardFile = "";
				INFOPLIST_KEY_UISupportedInterfaceOrientations_iPad = "UIInterfaceOrientationPortrait UIInterfaceOrientationPortraitUpsideDown UIInterfaceOrientationLandscapeLeft UIInterfaceOrientationLandscapeRight";
				INFOPLIST_KEY_UISupportedInterfaceOrientations_iPhone = "UIInterfaceOrientationPortrait UIInterfaceOrientationLandscapeLeft UIInterfaceOrientationLandscapeRight";
				LD_RUNPATH_SEARCH_PATHS = (
					"$(inherited)",
					"@executable_path/Frameworks",
				);
				MARKETING_VERSION = 1.0;
				PRODUCT_BUNDLE_IDENTIFIER = "Jumyeong.Record-Workout";
				PRODUCT_NAME = "$(TARGET_NAME)";
				SWIFT_EMIT_LOC_STRINGS = YES;
				SWIFT_VERSION = 5.0;
				TARGETED_DEVICE_FAMILY = "1,2";
			};
			name = Release;
		};
		9893AB872E49B76E00952102 /* Debug */ = {
			isa = XCBuildConfiguration;
			buildSettings = {
				ALWAYS_SEARCH_USER_PATHS = NO;
				ASSETCATALOG_COMPILER_GENERATE_SWIFT_ASSET_SYMBOL_EXTENSIONS = YES;
				CLANG_ANALYZER_NONNULL = YES;
				CLANG_ANALYZER_NUMBER_OBJECT_CONVERSION = YES_AGGRESSIVE;
				CLANG_CXX_LANGUAGE_STANDARD = "gnu++20";
				CLANG_ENABLE_MODULES = YES;
				CLANG_ENABLE_OBJC_ARC = YES;
				CLANG_ENABLE_OBJC_WEAK = YES;
				CLANG_WARN_BLOCK_CAPTURE_AUTORELEASING = YES;
				CLANG_WARN_BOOL_CONVERSION = YES;
				CLANG_WARN_COMMA = YES;
				CLANG_WARN_CONSTANT_CONVERSION = YES;
				CLANG_WARN_DEPRECATED_OBJC_IMPLEMENTATIONS = YES;
				CLANG_WARN_DIRECT_OBJC_ISA_USAGE = YES_ERROR;
				CLANG_WARN_DOCUMENTATION_COMMENTS = YES;
				CLANG_WARN_EMPTY_BODY = YES;
				CLANG_WARN_ENUM_CONVERSION = YES;
				CLANG_WARN_INFINITE_RECURSION = YES;
				CLANG_WARN_INT_CONVERSION = YES;
				CLANG_WARN_NON_LITERAL_NULL_CONVERSION = YES;
				CLANG_WARN_OBJC_IMPLICIT_RETAIN_SELF = YES;
				CLANG_WARN_OBJC_LITERAL_CONVERSION = YES;
				CLANG_WARN_OBJC_ROOT_CLASS = YES_ERROR;
				CLANG_WARN_QUOTED_INCLUDE_IN_FRAMEWORK_HEADER = YES;
				CLANG_WARN_RANGE_LOOP_ANALYSIS = YES;
				CLANG_WARN_STRICT_PROTOTYPES = YES;
				CLANG_WARN_SUSPICIOUS_MOVE = YES;
				CLANG_WARN_UNGUARDED_AVAILABILITY = YES_AGGRESSIVE;
				CLANG_WARN_UNREACHABLE_CODE = YES;
				CLANG_WARN__DUPLICATE_METHOD_MATCH = YES;
				COPY_PHASE_STRIP = NO;
				DEBUG_INFORMATION_FORMAT = dwarf;
				DEVELOPMENT_TEAM = 8U7MGMA22P;
				ENABLE_STRICT_OBJC_MSGSEND = YES;
				ENABLE_TESTABILITY = YES;
				ENABLE_USER_SCRIPT_SANDBOXING = YES;
				GCC_C_LANGUAGE_STANDARD = gnu17;
				GCC_DYNAMIC_NO_PIC = NO;
				GCC_NO_COMMON_BLOCKS = YES;
				GCC_OPTIMIZATION_LEVEL = 0;
				GCC_PREPROCESSOR_DEFINITIONS = (
					"DEBUG=1",
					"$(inherited)",
				);
				GCC_WARN_64_TO_32_BIT_CONVERSION = YES;
				GCC_WARN_ABOUT_RETURN_TYPE = YES_ERROR;
				GCC_WARN_UNDECLARED_SELECTOR = YES;
				GCC_WARN_UNINITIALIZED_AUTOS = YES_AGGRESSIVE;
				GCC_WARN_UNUSED_FUNCTION = YES;
				GCC_WARN_UNUSED_VARIABLE = YES;
				INFOPLIST_KEY_NSMainStoryboardFile = "";
				IPHONEOS_DEPLOYMENT_TARGET = 18.5;
				LOCALIZATION_PREFERS_STRING_CATALOGS = YES;
				MTL_ENABLE_DEBUG_INFO = INCLUDE_SOURCE;
				MTL_FAST_MATH = YES;
				ONLY_ACTIVE_ARCH = YES;
				SDKROOT = iphoneos;
				SWIFT_ACTIVE_COMPILATION_CONDITIONS = "DEBUG $(inherited)";
				SWIFT_OPTIMIZATION_LEVEL = "-Onone";
			};
			name = Debug;
		};
		9893AB882E49B76E00952102 /* Release */ = {
			isa = XCBuildConfiguration;
			buildSettings = {
				ALWAYS_SEARCH_USER_PATHS = NO;
				ASSETCATALOG_COMPILER_GENERATE_SWIFT_ASSET_SYMBOL_EXTENSIONS = YES;
				CLANG_ANALYZER_NONNULL = YES;
				CLANG_ANALYZER_NUMBER_OBJECT_CONVERSION = YES_AGGRESSIVE;
				CLANG_CXX_LANGUAGE_STANDARD = "gnu++20";
				CLANG_ENABLE_MODULES = YES;
				CLANG_ENABLE_OBJC_ARC = YES;
				CLANG_ENABLE_OBJC_WEAK = YES;
				CLANG_WARN_BLOCK_CAPTURE_AUTORELEASING = YES;
				CLANG_WARN_BOOL_CONVERSION = YES;
				CLANG_WARN_COMMA = YES;
				CLANG_WARN_CONSTANT_CONVERSION = YES;
				CLANG_WARN_DEPRECATED_OBJC_IMPLEMENTATIONS = YES;
				CLANG_WARN_DIRECT_OBJC_ISA_USAGE = YES_ERROR;
				CLANG_WARN_DOCUMENTATION_COMMENTS = YES;
				CLANG_WARN_EMPTY_BODY = YES;
				CLANG_WARN_ENUM_CONVERSION = YES;
				CLANG_WARN_INFINITE_RECURSION = YES;
				CLANG_WARN_INT_CONVERSION = YES;
				CLANG_WARN_NON_LITERAL_NULL_CONVERSION = YES;
				CLANG_WARN_OBJC_IMPLICIT_RETAIN_SELF = YES;
				CLANG_WARN_OBJC_LITERAL_CONVERSION = YES;
				CLANG_WARN_OBJC_ROOT_CLASS = YES_ERROR;
				CLANG_WARN_QUOTED_INCLUDE_IN_FRAMEWORK_HEADER = YES;
				CLANG_WARN_RANGE_LOOP_ANALYSIS = YES;
				CLANG_WARN_STRICT_PROTOTYPES = YES;
				CLANG_WARN_SUSPICIOUS_MOVE = YES;
				CLANG_WARN_UNGUARDED_AVAILABILITY = YES_AGGRESSIVE;
				CLANG_WARN_UNREACHABLE_CODE = YES;
				CLANG_WARN__DUPLICATE_METHOD_MATCH = YES;
				COPY_PHASE_STRIP = NO;
				DEBUG_INFORMATION_FORMAT = "dwarf-with-dsym";
				DEVELOPMENT_TEAM = 8U7MGMA22P;
				ENABLE_NS_ASSERTIONS = NO;
				ENABLE_STRICT_OBJC_MSGSEND = YES;
				ENABLE_USER_SCRIPT_SANDBOXING = YES;
				GCC_C_LANGUAGE_STANDARD = gnu17;
				GCC_NO_COMMON_BLOCKS = YES;
				GCC_WARN_64_TO_32_BIT_CONVERSION = YES;
				GCC_WARN_ABOUT_RETURN_TYPE = YES_ERROR;
				GCC_WARN_UNDECLARED_SELECTOR = YES;
				GCC_WARN_UNINITIALIZED_AUTOS = YES_AGGRESSIVE;
				GCC_WARN_UNUSED_FUNCTION = YES;
				GCC_WARN_UNUSED_VARIABLE = YES;
				INFOPLIST_KEY_NSMainStoryboardFile = "";
				IPHONEOS_DEPLOYMENT_TARGET = 18.5;
				LOCALIZATION_PREFERS_STRING_CATALOGS = YES;
				MTL_ENABLE_DEBUG_INFO = NO;
				MTL_FAST_MATH = YES;
				SDKROOT = iphoneos;
				SWIFT_COMPILATION_MODE = wholemodule;
				VALIDATE_PRODUCT = YES;
			};
			name = Release;
		};
		9893AB8A2E49B76E00952102 /* Debug */ = {
			isa = XCBuildConfiguration;
			buildSettings = {
				BUNDLE_LOADER = "$(TEST_HOST)";
				CODE_SIGN_STYLE = Automatic;
				CURRENT_PROJECT_VERSION = 1;
				DEVELOPMENT_TEAM = 8U7MGMA22P;
				GENERATE_INFOPLIST_FILE = YES;
				IPHONEOS_DEPLOYMENT_TARGET = 18.5;
				MARKETING_VERSION = 1.0;
				PRODUCT_BUNDLE_IDENTIFIER = "Jumyeong.Record-WorkoutTests";
				PRODUCT_NAME = "$(TARGET_NAME)";
				SWIFT_EMIT_LOC_STRINGS = NO;
				SWIFT_VERSION = 5.0;
				TARGETED_DEVICE_FAMILY = "1,2";
				TEST_HOST = "$(BUILT_PRODUCTS_DIR)/Record Workout.app/$(BUNDLE_EXECUTABLE_FOLDER_PATH)/Record Workout";
			};
			name = Debug;
		};
		9893AB8B2E49B76E00952102 /* Release */ = {
			isa = XCBuildConfiguration;
			buildSettings = {
				BUNDLE_LOADER = "$(TEST_HOST)";
				CODE_SIGN_STYLE = Automatic;
				CURRENT_PROJECT_VERSION = 1;
				DEVELOPMENT_TEAM = 8U7MGMA22P;
				GENERATE_INFOPLIST_FILE = YES;
				IPHONEOS_DEPLOYMENT_TARGET = 18.5;
				MARKETING_VERSION = 1.0;
				PRODUCT_BUNDLE_IDENTIFIER = "Jumyeong.Record-WorkoutTests";
				PRODUCT_NAME = "$(TARGET_NAME)";
				SWIFT_EMIT_LOC_STRINGS = NO;
				SWIFT_VERSION = 5.0;
				TARGETED_DEVICE_FAMILY = "1,2";
				TEST_HOST = "$(BUILT_PRODUCTS_DIR)/Record Workout.app/$(BUNDLE_EXECUTABLE_FOLDER_PATH)/Record Workout";
			};
			name = Release;
		};
		9893AB8D2E49B76E00952102 /* Debug */ = {
			isa = XCBuildConfiguration;
			buildSettings = {
				CODE_SIGN_STYLE = Automatic;
				CURRENT_PROJECT_VERSION = 1;
				DEVELOPMENT_TEAM = 8U7MGMA22P;
				GENERATE_INFOPLIST_FILE = YES;
				MARKETING_VERSION = 1.0;
				PRODUCT_BUNDLE_IDENTIFIER = "Jumyeong.Record-WorkoutUITests";
				PRODUCT_NAME = "$(TARGET_NAME)";
				SWIFT_EMIT_LOC_STRINGS = NO;
				SWIFT_VERSION = 5.0;
				TARGETED_DEVICE_FAMILY = "1,2";
				TEST_TARGET_NAME = "Record Workout";
			};
			name = Debug;
		};
		9893AB8E2E49B76E00952102 /* Release */ = {
			isa = XCBuildConfiguration;
			buildSettings = {
				CODE_SIGN_STYLE = Automatic;
				CURRENT_PROJECT_VERSION = 1;
				DEVELOPMENT_TEAM = 8U7MGMA22P;
				GENERATE_INFOPLIST_FILE = YES;
				MARKETING_VERSION = 1.0;
				PRODUCT_BUNDLE_IDENTIFIER = "Jumyeong.Record-WorkoutUITests";
				PRODUCT_NAME = "$(TARGET_NAME)";
				SWIFT_EMIT_LOC_STRINGS = NO;
				SWIFT_VERSION = 5.0;
				TARGETED_DEVICE_FAMILY = "1,2";
				TEST_TARGET_NAME = "Record Workout";
			};
			name = Release;
		};
/* End XCBuildConfiguration section */

/* Begin XCConfigurationList section */
		9893AB562E49B76D00952102 /* Build configuration list for PBXProject "Record Workout" */ = {
			isa = XCConfigurationList;
			buildConfigurations = (
				9893AB872E49B76E00952102 /* Debug */,
				9893AB882E49B76E00952102 /* Release */,
			);
			defaultConfigurationIsVisible = 0;
			defaultConfigurationName = Release;
		};
		9893AB842E49B76E00952102 /* Build configuration list for PBXNativeTarget "Record Workout" */ = {
			isa = XCConfigurationList;
			buildConfigurations = (
				9893AB852E49B76E00952102 /* Debug */,
				9893AB862E49B76E00952102 /* Release */,
			);
			defaultConfigurationIsVisible = 0;
			defaultConfigurationName = Release;
		};
		9893AB892E49B76E00952102 /* Build configuration list for PBXNativeTarget "Record WorkoutTests" */ = {
			isa = XCConfigurationList;
			buildConfigurations = (
				9893AB8A2E49B76E00952102 /* Debug */,
				9893AB8B2E49B76E00952102 /* Release */,
			);
			defaultConfigurationIsVisible = 0;
			defaultConfigurationName = Release;
		};
		9893AB8C2E49B76E00952102 /* Build configuration list for PBXNativeTarget "Record WorkoutUITests" */ = {
			isa = XCConfigurationList;
			buildConfigurations = (
				9893AB8D2E49B76E00952102 /* Debug */,
				9893AB8E2E49B76E00952102 /* Release */,
			);
			defaultConfigurationIsVisible = 0;
			defaultConfigurationName = Release;
		};
/* End XCConfigurationList section */

/* Begin XCRemoteSwiftPackageReference section */
		9893ABEC2E49BF3200952102 /* XCRemoteSwiftPackageReference "SnapKit" */ = {
			isa = XCRemoteSwiftPackageReference;
			repositoryURL = "https://github.com/SnapKit/SnapKit.git";
			requirement = {
				kind = upToNextMajorVersion;
				minimumVersion = 5.7.1;
			};
		};
/* End XCRemoteSwiftPackageReference section */

/* Begin XCSwiftPackageProductDependency section */
		9893ABED2E49BF3B00952102 /* SnapKit */ = {
			isa = XCSwiftPackageProductDependency;
			package = 9893ABEC2E49BF3200952102 /* XCRemoteSwiftPackageReference "SnapKit" */;
			productName = SnapKit;
		};
/* End XCSwiftPackageProductDependency section */
	};
	rootObject = 9893AB532E49B76D00952102 /* Project object */;
}
